// !$*UTF8*$!
{
	archiveVersion = 1;
	classes = {
	};
	objectVersion = 77;
	objects = {

/* Begin PBXContainerItemProxy section */
		42769A082DAE7EA200E17D0E /* PBXContainerItemProxy */ = {
			isa = PBXContainerItemProxy;
			containerPortal = 427699F22DAE7E6700E17D0E /* Project object */;
			proxyType = 1;
			remoteGlobalIDString = 427699F92DAE7E6700E17D0E;
			remoteInfo = "WineUni Swift-UI";
		};
		42769A122DAE7EA200E17D0E /* PBXContainerItemProxy */ = {
			isa = PBXContainerItemProxy;
			containerPortal = 427699F22DAE7E6700E17D0E /* Project object */;
			proxyType = 1;
			remoteGlobalIDString = 427699F92DAE7E6700E17D0E;
			remoteInfo = "WineUni Swift-UI";
		};
/* End PBXContainerItemProxy section */

/* Begin PBXFileReference section */
		427699FA2DAE7E6700E17D0E /* WineUni Swift-UI.app */ = {isa = PBXFileReference; explicitFileType = wrapper.application; includeInIndex = 0; path = "WineUni Swift-UI.app"; sourceTree = BUILT_PRODUCTS_DIR; };
		42769A072DAE7EA200E17D0E /* WineUni Swift-UITests.xctest */ = {isa = PBXFileReference; explicitFileType = wrapper.cfbundle; includeInIndex = 0; path = "WineUni Swift-UITests.xctest"; sourceTree = BUILT_PRODUCTS_DIR; };
		42769A112DAE7EA200E17D0E /* WineUni Swift-UIUITests.xctest */ = {isa = PBXFileReference; explicitFileType = wrapper.cfbundle; includeInIndex = 0; path = "WineUni Swift-UIUITests.xctest"; sourceTree = BUILT_PRODUCTS_DIR; };
/* End PBXFileReference section */

/* Begin PBXFileSystemSynchronizedRootGroup section */
		427699FC2DAE7E6700E17D0E /* WineUni Swift-UI */ = {
			isa = PBXFileSystemSynchronizedRootGroup;
			path = "WineUni Swift-UI";
			sourceTree = "<group>";
		};
		42769A0A2DAE7EA200E17D0E /* WineUni Swift-UITests */ = {
			isa = PBXFileSystemSynchronizedRootGroup;
			path = "WineUni Swift-UITests";
			sourceTree = "<group>";
		};
		42769A142DAE7EA200E17D0E /* WineUni Swift-UIUITests */ = {
			isa = PBXFileSystemSynchronizedRootGroup;
			path = "WineUni Swift-UIUITests";
			sourceTree = "<group>";
		};
/* End PBXFileSystemSynchronizedRootGroup section */

/* Begin PBXFrameworksBuildPhase section */
		427699F72DAE7E6700E17D0E /* Frameworks */ = {
			isa = PBXFrameworksBuildPhase;
			buildActionMask = 2147483647;
			files = (
			);
			runOnlyForDeploymentPostprocessing = 0;
		};
		42769A042DAE7EA200E17D0E /* Frameworks */ = {
			isa = PBXFrameworksBuildPhase;
			buildActionMask = 2147483647;
			files = (
			);
			runOnlyForDeploymentPostprocessing = 0;
		};
		42769A0E2DAE7EA200E17D0E /* Frameworks */ = {
			isa = PBXFrameworksBuildPhase;
			buildActionMask = 2147483647;
			files = (
			);
			runOnlyForDeploymentPostprocessing = 0;
		};
/* End PBXFrameworksBuildPhase section */

/* Begin PBXGroup section */
		427699F12DAE7E6700E17D0E = {
			isa = PBXGroup;
			children = (
				427699FC2DAE7E6700E17D0E /* WineUni Swift-UI */,
				42769A0A2DAE7EA200E17D0E /* WineUni Swift-UITests */,
				42769A142DAE7EA200E17D0E /* WineUni Swift-UIUITests */,
				427699FB2DAE7E6700E17D0E /* Products */,
			);
			sourceTree = "<group>";
		};
		427699FB2DAE7E6700E17D0E /* Products */ = {
			isa = PBXGroup;
			children = (
				427699FA2DAE7E6700E17D0E /* WineUni Swift-UI.app */,
				42769A072DAE7EA200E17D0E /* WineUni Swift-UITests.xctest */,
				42769A112DAE7EA200E17D0E /* WineUni Swift-UIUITests.xctest */,
			);
			name = Products;
			sourceTree = "<group>";
		};
/* End PBXGroup section */

/* Begin PBXNativeTarget section */
		427699F92DAE7E6700E17D0E /* WineUni Swift-UI */ = {
			isa = PBXNativeTarget;
			buildConfigurationList = 42769A1B2DAE7EA200E17D0E /* Build configuration list for PBXNativeTarget "WineUni Swift-UI" */;
			buildPhases = (
				427699F62DAE7E6700E17D0E /* Sources */,
				427699F72DAE7E6700E17D0E /* Frameworks */,
				427699F82DAE7E6700E17D0E /* Resources */,
			);
			buildRules = (
			);
			dependencies = (
			);
			fileSystemSynchronizedGroups = (
				427699FC2DAE7E6700E17D0E /* WineUni Swift-UI */,
			);
			name = "WineUni Swift-UI";
			packageProductDependencies = (
			);
			productName = "WineUni Swift-UI";
			productReference = 427699FA2DAE7E6700E17D0E /* WineUni Swift-UI.app */;
			productType = "com.apple.product-type.application";
		};
		42769A062DAE7EA200E17D0E /* WineUni Swift-UITests */ = {
			isa = PBXNativeTarget;
			buildConfigurationList = 42769A1E2DAE7EA200E17D0E /* Build configuration list for PBXNativeTarget "WineUni Swift-UITests" */;
			buildPhases = (
				42769A032DAE7EA200E17D0E /* Sources */,
				42769A042DAE7EA200E17D0E /* Frameworks */,
				42769A052DAE7EA200E17D0E /* Resources */,
			);
			buildRules = (
			);
			dependencies = (
				42769A092DAE7EA200E17D0E /* PBXTargetDependency */,
			);
			fileSystemSynchronizedGroups = (
				42769A0A2DAE7EA200E17D0E /* WineUni Swift-UITests */,
			);
			name = "WineUni Swift-UITests";
			packageProductDependencies = (
			);
			productName = "WineUni Swift-UITests";
			productReference = 42769A072DAE7EA200E17D0E /* WineUni Swift-UITests.xctest */;
			productType = "com.apple.product-type.bundle.unit-test";
		};
		42769A102DAE7EA200E17D0E /* WineUni Swift-UIUITests */ = {
			isa = PBXNativeTarget;
			buildConfigurationList = 42769A212DAE7EA200E17D0E /* Build configuration list for PBXNativeTarget "WineUni Swift-UIUITests" */;
			buildPhases = (
				42769A0D2DAE7EA200E17D0E /* Sources */,
				42769A0E2DAE7EA200E17D0E /* Frameworks */,
				42769A0F2DAE7EA200E17D0E /* Resources */,
			);
			buildRules = (
			);
			dependencies = (
				42769A132DAE7EA200E17D0E /* PBXTargetDependency */,
			);
			fileSystemSynchronizedGroups = (
				42769A142DAE7EA200E17D0E /* WineUni Swift-UIUITests */,
			);
			name = "WineUni Swift-UIUITests";
			packageProductDependencies = (
			);
			productName = "WineUni Swift-UIUITests";
			productReference = 42769A112DAE7EA200E17D0E /* WineUni Swift-UIUITests.xctest */;
			productType = "com.apple.product-type.bundle.ui-testing";
		};
/* End PBXNativeTarget section */

/* Begin PBXProject section */
		427699F22DAE7E6700E17D0E /* Project object */ = {
			isa = PBXProject;
			attributes = {
				BuildIndependentTargetsInParallel = 1;
				LastSwiftUpdateCheck = 1630;
				LastUpgradeCheck = 1630;
				TargetAttributes = {
					427699F92DAE7E6700E17D0E = {
						CreatedOnToolsVersion = 16.3;
					};
					42769A062DAE7EA200E17D0E = {
						CreatedOnToolsVersion = 16.3;
						TestTargetID = 427699F92DAE7E6700E17D0E;
					};
					42769A102DAE7EA200E17D0E = {
						CreatedOnToolsVersion = 16.3;
						TestTargetID = 427699F92DAE7E6700E17D0E;
					};
				};
			};
			buildConfigurationList = 427699F52DAE7E6700E17D0E /* Build configuration list for PBXProject "WineUni Swift-UI" */;
			developmentRegion = en;
			hasScannedForEncodings = 0;
			knownRegions = (
				en,
				Base,
			);
			mainGroup = 427699F12DAE7E6700E17D0E;
			minimizedProjectReferenceProxies = 1;
			preferredProjectObjectVersion = 77;
			productRefGroup = 427699FB2DAE7E6700E17D0E /* Products */;
			projectDirPath = "";
			projectRoot = "";
			targets = (
				427699F92DAE7E6700E17D0E /* WineUni Swift-UI */,
				42769A062DAE7EA200E17D0E /* WineUni Swift-UITests */,
				42769A102DAE7EA200E17D0E /* WineUni Swift-UIUITests */,
			);
		};
/* End PBXProject section */

/* Begin PBXResourcesBuildPhase section */
		427699F82DAE7E6700E17D0E /* Resources */ = {
			isa = PBXResourcesBuildPhase;
			buildActionMask = 2147483647;
			files = (
			);
			runOnlyForDeploymentPostprocessing = 0;
		};
		42769A052DAE7EA200E17D0E /* Resources */ = {
			isa = PBXResourcesBuildPhase;
			buildActionMask = 2147483647;
			files = (
			);
			runOnlyForDeploymentPostprocessing = 0;
		};
		42769A0F2DAE7EA200E17D0E /* Resources */ = {
			isa = PBXResourcesBuildPhase;
			buildActionMask = 2147483647;
			files = (
			);
			runOnlyForDeploymentPostprocessing = 0;
		};
/* End PBXResourcesBuildPhase section */

/* Begin PBXSourcesBuildPhase section */
		427699F62DAE7E6700E17D0E /* Sources */ = {
			isa = PBXSourcesBuildPhase;
			buildActionMask = 2147483647;
			files = (
			);
			runOnlyForDeploymentPostprocessing = 0;
		};
		42769A032DAE7EA200E17D0E /* Sources */ = {
			isa = PBXSourcesBuildPhase;
			buildActionMask = 2147483647;
			files = (
			);
			runOnlyForDeploymentPostprocessing = 0;
		};
		42769A0D2DAE7EA200E17D0E /* Sources */ = {
			isa = PBXSourcesBuildPhase;
			buildActionMask = 2147483647;
			files = (
			);
			runOnlyForDeploymentPostprocessing = 0;
		};
/* End PBXSourcesBuildPhase section */

/* Begin PBXTargetDependency section */
		42769A092DAE7EA200E17D0E /* PBXTargetDependency */ = {
			isa = PBXTargetDependency;
			target = 427699F92DAE7E6700E17D0E /* WineUni Swift-UI */;
			targetProxy = 42769A082DAE7EA200E17D0E /* PBXContainerItemProxy */;
		};
		42769A132DAE7EA200E17D0E /* PBXTargetDependency */ = {
			isa = PBXTargetDependency;
			target = 427699F92DAE7E6700E17D0E /* WineUni Swift-UI */;
			targetProxy = 42769A122DAE7EA200E17D0E /* PBXContainerItemProxy */;
		};
/* End PBXTargetDependency section */

/* Begin XCBuildConfiguration section */
		42769A192DAE7EA200E17D0E /* Debug */ = {
			isa = XCBuildConfiguration;
			buildSettings = {
				ALWAYS_SEARCH_USER_PATHS = NO;
				ASSETCATALOG_COMPILER_GENERATE_SWIFT_ASSET_SYMBOL_EXTENSIONS = YES;
				CLANG_ANALYZER_NONNULL = YES;
				CLANG_ANALYZER_NUMBER_OBJECT_CONVERSION = YES_AGGRESSIVE;
				CLANG_CXX_LANGUAGE_STANDARD = "gnu++20";
				CLANG_ENABLE_MODULES = YES;
				CLANG_ENABLE_OBJC_ARC = YES;
				CLANG_ENABLE_OBJC_WEAK = YES;
				CLANG_WARN_BLOCK_CAPTURE_AUTORELEASING = YES;
				CLANG_WARN_BOOL_CONVERSION = YES;
				CLANG_WARN_COMMA = YES;
				CLANG_WARN_CONSTANT_CONVERSION = YES;
				CLANG_WARN_DEPRECATED_OBJC_IMPLEMENTATIONS = YES;
				CLANG_WARN_DIRECT_OBJC_ISA_USAGE = YES_ERROR;
				CLANG_WARN_DOCUMENTATION_COMMENTS = YES;
				CLANG_WARN_EMPTY_BODY = YES;
				CLANG_WARN_ENUM_CONVERSION = YES;
				CLANG_WARN_INFINITE_RECURSION = YES;
				CLANG_WARN_INT_CONVERSION = YES;
				CLANG_WARN_NON_LITERAL_NULL_CONVERSION = YES;
				CLANG_WARN_OBJC_IMPLICIT_RETAIN_SELF = YES;
				CLANG_WARN_OBJC_LITERAL_CONVERSION = YES;
				CLANG_WARN_OBJC_ROOT_CLASS = YES_ERROR;
				CLANG_WARN_QUOTED_INCLUDE_IN_FRAMEWORK_HEADER = YES;
				CLANG_WARN_RANGE_LOOP_ANALYSIS = YES;
				CLANG_WARN_STRICT_PROTOTYPES = YES;
				CLANG_WARN_SUSPICIOUS_MOVE = YES;
				CLANG_WARN_UNGUARDED_AVAILABILITY = YES_AGGRESSIVE;
				CLANG_WARN_UNREACHABLE_CODE = YES;
				CLANG_WARN__DUPLICATE_METHOD_MATCH = YES;
				COPY_PHASE_STRIP = NO;
				DEBUG_INFORMATION_FORMAT = dwarf;
				ENABLE_STRICT_OBJC_MSGSEND = YES;
				ENABLE_TESTABILITY = YES;
				ENABLE_USER_SCRIPT_SANDBOXING = YES;
				GCC_C_LANGUAGE_STANDARD = gnu17;
				GCC_DYNAMIC_NO_PIC = NO;
				GCC_NO_COMMON_BLOCKS = YES;
				GCC_OPTIMIZATION_LEVEL = 0;
				GCC_PREPROCESSOR_DEFINITIONS = (
					"DEBUG=1",
					"$(inherited)",
				);
				GCC_WARN_64_TO_32_BIT_CONVERSION = YES;
				GCC_WARN_ABOUT_RETURN_TYPE = YES_ERROR;
				GCC_WARN_UNDECLARED_SELECTOR = YES;
				GCC_WARN_UNINITIALIZED_AUTOS = YES_AGGRESSIVE;
				GCC_WARN_UNUSED_FUNCTION = YES;
				GCC_WARN_UNUSED_VARIABLE = YES;
				IPHONEOS_DEPLOYMENT_TARGET = 18.4;
				LOCALIZATION_PREFERS_STRING_CATALOGS = YES;
				MTL_ENABLE_DEBUG_INFO = INCLUDE_SOURCE;
				MTL_FAST_MATH = YES;
				ONLY_ACTIVE_ARCH = YES;
				SDKROOT = iphoneos;
				SWIFT_ACTIVE_COMPILATION_CONDITIONS = "DEBUG $(inherited)";
				SWIFT_OPTIMIZATION_LEVEL = "-Onone";
			};
			name = Debug;
		};
		42769A1A2DAE7EA200E17D0E /* Release */ = {
			isa = XCBuildConfiguration;
			buildSettings = {
				ALWAYS_SEARCH_USER_PATHS = NO;
				ASSETCATALOG_COMPILER_GENERATE_SWIFT_ASSET_SYMBOL_EXTENSIONS = YES;
				CLANG_ANALYZER_NONNULL = YES;
				CLANG_ANALYZER_NUMBER_OBJECT_CONVERSION = YES_AGGRESSIVE;
				CLANG_CXX_LANGUAGE_STANDARD = "gnu++20";
				CLANG_ENABLE_MODULES = YES;
				CLANG_ENABLE_OBJC_ARC = YES;
				CLANG_ENABLE_OBJC_WEAK = YES;
				CLANG_WARN_BLOCK_CAPTURE_AUTORELEASING = YES;
				CLANG_WARN_BOOL_CONVERSION = YES;
				CLANG_WARN_COMMA = YES;
				CLANG_WARN_CONSTANT_CONVERSION = YES;
				CLANG_WARN_DEPRECATED_OBJC_IMPLEMENTATIONS = YES;
				CLANG_WARN_DIRECT_OBJC_ISA_USAGE = YES_ERROR;
				CLANG_WARN_DOCUMENTATION_COMMENTS = YES;
				CLANG_WARN_EMPTY_BODY = YES;
				CLANG_WARN_ENUM_CONVERSION = YES;
				CLANG_WARN_INFINITE_RECURSION = YES;
				CLANG_WARN_INT_CONVERSION = YES;
				CLANG_WARN_NON_LITERAL_NULL_CONVERSION = YES;
				CLANG_WARN_OBJC_IMPLICIT_RETAIN_SELF = YES;
				CLANG_WARN_OBJC_LITERAL_CONVERSION = YES;
				CLANG_WARN_OBJC_ROOT_CLASS = YES_ERROR;
				CLANG_WARN_QUOTED_INCLUDE_IN_FRAMEWORK_HEADER = YES;
				CLANG_WARN_RANGE_LOOP_ANALYSIS = YES;
				CLANG_WARN_STRICT_PROTOTYPES = YES;
				CLANG_WARN_SUSPICIOUS_MOVE = YES;
				CLANG_WARN_UNGUARDED_AVAILABILITY = YES_AGGRESSIVE;
				CLANG_WARN_UNREACHABLE_CODE = YES;
				CLANG_WARN__DUPLICATE_METHOD_MATCH = YES;
				COPY_PHASE_STRIP = NO;
				DEBUG_INFORMATION_FORMAT = "dwarf-with-dsym";
				ENABLE_NS_ASSERTIONS = NO;
				ENABLE_STRICT_OBJC_MSGSEND = YES;
				ENABLE_USER_SCRIPT_SANDBOXING = YES;
				GCC_C_LANGUAGE_STANDARD = gnu17;
				GCC_NO_COMMON_BLOCKS = YES;
				GCC_WARN_64_TO_32_BIT_CONVERSION = YES;
				GCC_WARN_ABOUT_RETURN_TYPE = YES_ERROR;
				GCC_WARN_UNDECLARED_SELECTOR = YES;
				GCC_WARN_UNINITIALIZED_AUTOS = YES_AGGRESSIVE;
				GCC_WARN_UNUSED_FUNCTION = YES;
				GCC_WARN_UNUSED_VARIABLE = YES;
				IPHONEOS_DEPLOYMENT_TARGET = 18.4;
				LOCALIZATION_PREFERS_STRING_CATALOGS = YES;
				MTL_ENABLE_DEBUG_INFO = NO;
				MTL_FAST_MATH = YES;
				SDKROOT = iphoneos;
				SWIFT_COMPILATION_MODE = wholemodule;
				VALIDATE_PRODUCT = YES;
			};
			name = Release;
		};
		42769A1C2DAE7EA200E17D0E /* Debug */ = {
			isa = XCBuildConfiguration;
			buildSettings = {
				ASSETCATALOG_COMPILER_APPICON_NAME = AppIcon;
				ASSETCATALOG_COMPILER_GLOBAL_ACCENT_COLOR_NAME = AccentColor;
				CODE_SIGN_STYLE = Automatic;
				CURRENT_PROJECT_VERSION = 1;
				ENABLE_PREVIEWS = YES;
				GENERATE_INFOPLIST_FILE = YES;
				INFOPLIST_KEY_UIApplicationSceneManifest_Generation = YES;
				INFOPLIST_KEY_UIApplicationSupportsIndirectInputEvents = YES;
				INFOPLIST_KEY_UILaunchScreen_Generation = YES;
				INFOPLIST_KEY_UISupportedInterfaceOrientations_iPad = "UIInterfaceOrientationPortrait UIInterfaceOrientationPortraitUpsideDown UIInterfaceOrientationLandscapeLeft UIInterfaceOrientationLandscapeRight";
				INFOPLIST_KEY_UISupportedInterfaceOrientations_iPhone = "UIInterfaceOrientationPortrait UIInterfaceOrientationLandscapeLeft UIInterfaceOrientationLandscapeRight";
				LD_RUNPATH_SEARCH_PATHS = (
					"$(inherited)",
					"@executable_path/Frameworks",
				);
				MARKETING_VERSION = 1.0;
				PRODUCT_BUNDLE_IDENTIFIER = "kacperbartlomiejczak.WineUni-Swift-UI";
				PRODUCT_NAME = "$(TARGET_NAME)";
				SWIFT_EMIT_LOC_STRINGS = YES;
				SWIFT_VERSION = 5.0;
				TARGETED_DEVICE_FAMILY = "1,2";
			};
			name = Debug;
		};
		42769A1D2DAE7EA200E17D0E /* Release */ = {
			isa = XCBuildConfiguration;
			buildSettings = {
				ASSETCATALOG_COMPILER_APPICON_NAME = AppIcon;
				ASSETCATALOG_COMPILER_GLOBAL_ACCENT_COLOR_NAME = AccentColor;
				CODE_SIGN_STYLE = Automatic;
				CURRENT_PROJECT_VERSION = 1;
				ENABLE_PREVIEWS = YES;
				GENERATE_INFOPLIST_FILE = YES;
				INFOPLIST_KEY_UIApplicationSceneManifest_Generation = YES;
				INFOPLIST_KEY_UIApplicationSupportsIndirectInputEvents = YES;
				INFOPLIST_KEY_UILaunchScreen_Generation = YES;
				INFOPLIST_KEY_UISupportedInterfaceOrientations_iPad = "UIInterfaceOrientationPortrait UIInterfaceOrientationPortraitUpsideDown UIInterfaceOrientationLandscapeLeft UIInterfaceOrientationLandscapeRight";
				INFOPLIST_KEY_UISupportedInterfaceOrientations_iPhone = "UIInterfaceOrientationPortrait UIInterfaceOrientationLandscapeLeft UIInterfaceOrientationLandscapeRight";
				LD_RUNPATH_SEARCH_PATHS = (
					"$(inherited)",
					"@executable_path/Frameworks",
				);
				MARKETING_VERSION = 1.0;
				PRODUCT_BUNDLE_IDENTIFIER = "kacperbartlomiejczak.WineUni-Swift-UI";
				PRODUCT_NAME = "$(TARGET_NAME)";
				SWIFT_EMIT_LOC_STRINGS = YES;
				SWIFT_VERSION = 5.0;
				TARGETED_DEVICE_FAMILY = "1,2";
			};
			name = Release;
		};
		42769A1F2DAE7EA200E17D0E /* Debug */ = {
			isa = XCBuildConfiguration;
			buildSettings = {
				BUNDLE_LOADER = "$(TEST_HOST)";
				CODE_SIGN_STYLE = Automatic;
				CURRENT_PROJECT_VERSION = 1;
				GENERATE_INFOPLIST_FILE = YES;
				IPHONEOS_DEPLOYMENT_TARGET = 18.4;
				MARKETING_VERSION = 1.0;
				PRODUCT_BUNDLE_IDENTIFIER = "kacperbartlomiejczak.WineUni-Swift-UITests";
				PRODUCT_NAME = "$(TARGET_NAME)";
				SWIFT_EMIT_LOC_STRINGS = NO;
				SWIFT_VERSION = 5.0;
				TARGETED_DEVICE_FAMILY = "1,2";
				TEST_HOST = "$(BUILT_PRODUCTS_DIR)/WineUni Swift-UI.app/$(BUNDLE_EXECUTABLE_FOLDER_PATH)/WineUni Swift-UI";
			};
			name = Debug;
		};
		42769A202DAE7EA200E17D0E /* Release */ = {
			isa = XCBuildConfiguration;
			buildSettings = {
				BUNDLE_LOADER = "$(TEST_HOST)";
				CODE_SIGN_STYLE = Automatic;
				CURRENT_PROJECT_VERSION = 1;
				GENERATE_INFOPLIST_FILE = YES;
				IPHONEOS_DEPLOYMENT_TARGET = 18.4;
				MARKETING_VERSION = 1.0;
				PRODUCT_BUNDLE_IDENTIFIER = "kacperbartlomiejczak.WineUni-Swift-UITests";
				PRODUCT_NAME = "$(TARGET_NAME)";
				SWIFT_EMIT_LOC_STRINGS = NO;
				SWIFT_VERSION = 5.0;
				TARGETED_DEVICE_FAMILY = "1,2";
				TEST_HOST = "$(BUILT_PRODUCTS_DIR)/WineUni Swift-UI.app/$(BUNDLE_EXECUTABLE_FOLDER_PATH)/WineUni Swift-UI";
			};
			name = Release;
		};
		42769A222DAE7EA200E17D0E /* Debug */ = {
			isa = XCBuildConfiguration;
			buildSettings = {
				CODE_SIGN_STYLE = Automatic;
				CURRENT_PROJECT_VERSION = 1;
				GENERATE_INFOPLIST_FILE = YES;
				MARKETING_VERSION = 1.0;
				PRODUCT_BUNDLE_IDENTIFIER = "kacperbartlomiejczak.WineUni-Swift-UIUITests";
				PRODUCT_NAME = "$(TARGET_NAME)";
				SWIFT_EMIT_LOC_STRINGS = NO;
				SWIFT_VERSION = 5.0;
				TARGETED_DEVICE_FAMILY = "1,2";
				TEST_TARGET_NAME = "WineUni Swift-UI";
			};
			name = Debug;
		};
		42769A232DAE7EA200E17D0E /* Release */ = {
			isa = XCBuildConfiguration;
			buildSettings = {
				CODE_SIGN_STYLE = Automatic;
				CURRENT_PROJECT_VERSION = 1;
				GENERATE_INFOPLIST_FILE = YES;
				MARKETING_VERSION = 1.0;
				PRODUCT_BUNDLE_IDENTIFIER = "kacperbartlomiejczak.WineUni-Swift-UIUITests";
				PRODUCT_NAME = "$(TARGET_NAME)";
				SWIFT_EMIT_LOC_STRINGS = NO;
				SWIFT_VERSION = 5.0;
				TARGETED_DEVICE_FAMILY = "1,2";
				TEST_TARGET_NAME = "WineUni Swift-UI";
			};
			name = Release;
		};
/* End XCBuildConfiguration section */

/* Begin XCConfigurationList section */
		427699F52DAE7E6700E17D0E /* Build configuration list for PBXProject "WineUni Swift-UI" */ = {
			isa = XCConfigurationList;
			buildConfigurations = (
				42769A192DAE7EA200E17D0E /* Debug */,
				42769A1A2DAE7EA200E17D0E /* Release */,
			);
			defaultConfigurationIsVisible = 0;
			defaultConfigurationName = Release;
		};
		42769A1B2DAE7EA200E17D0E /* Build configuration list for PBXNativeTarget "WineUni Swift-UI" */ = {
			isa = XCConfigurationList;
			buildConfigurations = (
				42769A1C2DAE7EA200E17D0E /* Debug */,
				42769A1D2DAE7EA200E17D0E /* Release */,
			);
			defaultConfigurationIsVisible = 0;
			defaultConfigurationName = Release;
		};
		42769A1E2DAE7EA200E17D0E /* Build configuration list for PBXNativeTarget "WineUni Swift-UITests" */ = {
			isa = XCConfigurationList;
			buildConfigurations = (
				42769A1F2DAE7EA200E17D0E /* Debug */,
				42769A202DAE7EA200E17D0E /* Release */,
			);
			defaultConfigurationIsVisible = 0;
			defaultConfigurationName = Release;
		};
		42769A212DAE7EA200E17D0E /* Build configuration list for PBXNativeTarget "WineUni Swift-UIUITests" */ = {
			isa = XCConfigurationList;
			buildConfigurations = (
				42769A222DAE7EA200E17D0E /* Debug */,
				42769A232DAE7EA200E17D0E /* Release */,
			);
			defaultConfigurationIsVisible = 0;
			defaultConfigurationName = Release;
		};
/* End XCConfigurationList section */
	};
	rootObject = 427699F22DAE7E6700E17D0E /* Project object */;
}
